
Microsoft Visual Studio Solution File, Format Version 12.00
# Visual Studio Version 17
VisualStudioVersion = 17.5.33414.496
MinimumVisualStudioVersion = 10.0.40219.1
Project("{FAE04EC0-301F-11D3-BF4B-00C04F79EFBC}") = "cs", "cs\cs.csproj", "{CA022C53-2D18-4B36-B4EB-345A6642CD6B}"
EndProject
Project("{8BC9CEB8-8B4A-11D0-8D11-00A0C91BC942}") = "cpp", "cpp\cpp.vcxproj", "{BCC2793B-09F2-4F85-B68A-1C2B93D1A7BA}"
EndProject
Global
	GlobalSection(SolutionConfigurationPlatforms) = preSolution
		Debug|Any CPU = Debug|Any CPU
		Debug|x64 = Debug|x64
		Debug|x86 = Debug|x86
		Release|Any CPU = Release|Any CPU
		Release|x64 = Release|x64
		Release|x86 = Release|x86
	EndGlobalSection
	GlobalSection(ProjectConfigurationPlatforms) = postSolution
		{CA022C53-2D18-4B36-B4EB-345A6642CD6B}.Debug|Any CPU.ActiveCfg = Debug|Any CPU
		{CA022C53-2D18-4B36-B4EB-345A6642CD6B}.Debug|Any CPU.Build.0 = Debug|Any CPU
		{CA022C53-2D18-4B36-B4EB-345A6642CD6B}.Debug|x64.ActiveCfg = Debug|Any CPU
		{CA022C53-2D18-4B36-B4EB-345A6642CD6B}.Debug|x64.Build.0 = Debug|Any CPU
		{CA022C53-2D18-4B36-B4EB-345A6642CD6B}.Debug|x86.ActiveCfg = Debug|Any CPU
		{CA022C53-2D18-4B36-B4EB-345A6642CD6B}.Debug|x86.Build.0 = Debug|Any CPU
		{CA022C53-2D18-4B36-B4EB-345A6642CD6B}.Release|Any CPU.ActiveCfg = Release|Any CPU
		{CA022C53-2D18-4B36-B4EB-345A6642CD6B}.Release|Any CPU.Build.0 = Release|Any CPU
		{CA022C53-2D18-4B36-B4EB-345A6642CD6B}.Release|x64.ActiveCfg = Release|Any CPU
		{CA022C53-2D18-4B36-B4EB-345A6642CD6B}.Release|x64.Build.0 = Release|Any CPU
		{CA022C53-2D18-4B36-B4EB-345A6642CD6B}.Release|x86.ActiveCfg = Release|Any CPU
		{CA022C53-2D18-4B36-B4EB-345A6642CD6B}.Release|x86.Build.0 = Release|Any CPU
		{BCC2793B-09F2-4F85-B68A-1C2B93D1A7BA}.Debug|Any CPU.ActiveCfg = Debug|x64
		{BCC2793B-09F2-4F85-B68A-1C2B93D1A7BA}.Debug|Any CPU.Build.0 = Debug|x64
		{BCC2793B-09F2-4F85-B68A-1C2B93D1A7BA}.Debug|x64.ActiveCfg = Debug|x64
		{BCC2793B-09F2-4F85-B68A-1C2B93D1A7BA}.Debug|x64.Build.0 = Debug|x64
		{BCC2793B-09F2-4F85-B68A-1C2B93D1A7BA}.Debug|x86.ActiveCfg = Debug|Win32
		{BCC2793B-09F2-4F85-B68A-1C2B93D1A7BA}.Debug|x86.Build.0 = Debug|Win32
		{BCC2793B-09F2-4F85-B68A-1C2B93D1A7BA}.Release|Any CPU.ActiveCfg = Release|x64
		{BCC2793B-09F2-4F85-B68A-1C2B93D1A7BA}.Release|Any CPU.Build.0 = Release|x64
		{BCC2793B-09F2-4F85-B68A-1C2B93D1A7BA}.Release|x64.ActiveCfg = Release|x64
		{BCC2793B-09F2-4F85-B68A-1C2B93D1A7BA}.Release|x64.Build.0 = Release|x64
		{BCC2793B-09F2-4F85-B68A-1C2B93D1A7BA}.Release|x86.ActiveCfg = Release|Win32
		{BCC2793B-09F2-4F85-B68A-1C2B93D1A7BA}.Release|x86.Build.0 = Release|Win32
	EndGlobalSection
	GlobalSection(SolutionProperties) = preSolution
		HideSolutionNode = FALSE
	EndGlobalSection
	GlobalSection(ExtensibilityGlobals) = postSolution
		SolutionGuid = {34BB0392-AC5E-4060-AFAF-B0B0B3DEF6CB}
	EndGlobalSection
EndGlobal
